{
  "name": "datasack-rethink",
  "version": "1.0.0",
  "lockfileVersion": 2,
  "requires": true,
  "packages": {
    "": {
      "name": "datasack-rethink",
      "version": "1.0.0",
      "license": "ISC",
      "dependencies": {
        "@pawel-kuznik/datasack": "^1.0.1",
        "@types/rethinkdb": "^2.3.17",
        "rethinkdb": "^2.4.2",
        "typescript": "^5.1.3"
      }
    },
    "node_modules/@pawel-kuznik/datasack": {
      "version": "1.0.1",
      "resolved": "https://npm.pkg.github.com/download/@pawel-kuznik/datasack/1.0.1/8d543755f9303346dafdf5894a76fc701d416e84",
      "integrity": "sha512-VEI9aLD3lCxph35V9EtkiLGHO0ySPDSwqq7cgRI0pov+7UM8yYzdFl4DzEzmuD2wezf0CAmiXhSrhUxlBaPzyQ==",
      "license": "ISC",
      "dependencies": {
        "@pawel-kuznik/iventy": "^3.0.4",
        "@types/uuid": "^9.0.2",
        "uuid": "^9.0.0"
      }
    },
    "node_modules/@pawel-kuznik/iventy": {
      "version": "3.0.4",
      "resolved": "https://npm.pkg.github.com/download/@pawel-kuznik/iventy/3.0.4/14fdcac0113c63854c74d156e55ba37b3e039e65",
      "integrity": "sha512-NkubRfMkG5tbj7BszvIoWiieB0fWh0wxGfhP4YoIi1rSvahHoRBvmzzpzgEu7WoLSewwyt5Mb/n6H9aCV84T6g==",
      "license": "ISC"
    },
    "node_modules/@types/node": {
      "version": "20.3.1",
      "resolved": "https://registry.npmjs.org/@types/node/-/node-20.3.1.tgz",
      "integrity": "sha512-EhcH/wvidPy1WeML3TtYFGR83UzjxeWRen9V402T8aUGYsCHOmfoisV3ZSg03gAFIbLq8TnWOJ0f4cALtnSEUg=="
    },
    "node_modules/@types/rethinkdb": {
      "version": "2.3.17",
      "resolved": "https://registry.npmjs.org/@types/rethinkdb/-/rethinkdb-2.3.17.tgz",
      "integrity": "sha512-+ca0JPz1qznhM+OUPf/XUqYKp3WOIm3Kak8TaIyA6k82JEZd1Vl10u1HRhJmsOV4riVwLr8TPpYCLpupEkMz5w==",
      "dependencies": {
        "@types/node": "*"
      }
    },
    "node_modules/@types/uuid": {
      "version": "9.0.2",
      "resolved": "https://registry.npmjs.org/@types/uuid/-/uuid-9.0.2.tgz",
      "integrity": "sha512-kNnC1GFBLuhImSnV7w4njQkUiJi0ZXUycu1rUaouPqiKlXkh77JKgdRnTAp1x5eBwcIwbtI+3otwzuIDEuDoxQ=="
    },
    "node_modules/bluebird": {
      "version": "2.11.0",
      "resolved": "https://registry.npmjs.org/bluebird/-/bluebird-2.11.0.tgz",
      "integrity": "sha512-UfFSr22dmHPQqPP9XWHRhq+gWnHCYguQGkXQlbyPtW5qTnhFWA8/iXg765tH0cAjy7l/zPJ1aBTO0g5XgA7kvQ=="
    },
    "node_modules/rethinkdb": {
      "version": "2.4.2",
      "resolved": "https://registry.npmjs.org/rethinkdb/-/rethinkdb-2.4.2.tgz",
      "integrity": "sha512-6DzwqEpFc8cqesAdo07a845oBRxLiHvWzopTKBo/uY2ypGWIsJQFJk3wjRDtSEhczxJqLS0jnf37rwgzYAw8NQ==",
      "dependencies": {
        "bluebird": ">= 2.3.2 < 3"
      },
      "engines": {
        "node": ">= 0.10.0"
      }
    },
    "node_modules/typescript": {
      "version": "5.1.3",
      "resolved": "https://registry.npmjs.org/typescript/-/typescript-5.1.3.tgz",
      "integrity": "sha512-XH627E9vkeqhlZFQuL+UsyAXEnibT0kWR2FWONlr4sTjvxyJYnyefgrkyECLzM5NenmKzRAy2rR/OlYLA1HkZw==",
      "bin": {
        "tsc": "bin/tsc",
        "tsserver": "bin/tsserver"
      },
      "engines": {
        "node": ">=14.17"
      }
    },
    "node_modules/uuid": {
      "version": "9.0.0",
      "resolved": "https://registry.npmjs.org/uuid/-/uuid-9.0.0.tgz",
      "integrity": "sha512-MXcSTerfPa4uqyzStbRoTgt5XIe3x5+42+q1sDuy3R5MDk66URdLMOZe5aPX/SQd+kuYAh0FdP/pO28IkQyTeg==",
      "bin": {
        "uuid": "dist/bin/uuid"
      }
    }
  },
  "dependencies": {
    "@pawel-kuznik/datasack": {
      "version": "1.0.1",
      "resolved": "https://npm.pkg.github.com/download/@pawel-kuznik/datasack/1.0.1/8d543755f9303346dafdf5894a76fc701d416e84",
      "integrity": "sha512-VEI9aLD3lCxph35V9EtkiLGHO0ySPDSwqq7cgRI0pov+7UM8yYzdFl4DzEzmuD2wezf0CAmiXhSrhUxlBaPzyQ==",
      "requires": {
        "@pawel-kuznik/iventy": "^3.0.4",
        "@types/uuid": "^9.0.2",
        "uuid": "^9.0.0"
      }
    },
    "@pawel-kuznik/iventy": {
      "version": "3.0.4",
      "resolved": "https://npm.pkg.github.com/download/@pawel-kuznik/iventy/3.0.4/14fdcac0113c63854c74d156e55ba37b3e039e65",
      "integrity": "sha512-NkubRfMkG5tbj7BszvIoWiieB0fWh0wxGfhP4YoIi1rSvahHoRBvmzzpzgEu7WoLSewwyt5Mb/n6H9aCV84T6g=="
    },
    "@types/node": {
      "version": "20.3.1",
      "resolved": "https://registry.npmjs.org/@types/node/-/node-20.3.1.tgz",
      "integrity": "sha512-EhcH/wvidPy1WeML3TtYFGR83UzjxeWRen9V402T8aUGYsCHOmfoisV3ZSg03gAFIbLq8TnWOJ0f4cALtnSEUg=="
    },
    "@types/rethinkdb": {
      "version": "2.3.17",
      "resolved": "https://registry.npmjs.org/@types/rethinkdb/-/rethinkdb-2.3.17.tgz",
      "integrity": "sha512-+ca0JPz1qznhM+OUPf/XUqYKp3WOIm3Kak8TaIyA6k82JEZd1Vl10u1HRhJmsOV4riVwLr8TPpYCLpupEkMz5w==",
      "requires": {
        "@types/node": "*"
      }
    },
    "@types/uuid": {
      "version": "9.0.2",
      "resolved": "https://registry.npmjs.org/@types/uuid/-/uuid-9.0.2.tgz",
      "integrity": "sha512-kNnC1GFBLuhImSnV7w4njQkUiJi0ZXUycu1rUaouPqiKlXkh77JKgdRnTAp1x5eBwcIwbtI+3otwzuIDEuDoxQ=="
    },
    "bluebird": {
      "version": "2.11.0",
      "resolved": "https://registry.npmjs.org/bluebird/-/bluebird-2.11.0.tgz",
      "integrity": "sha512-UfFSr22dmHPQqPP9XWHRhq+gWnHCYguQGkXQlbyPtW5qTnhFWA8/iXg765tH0cAjy7l/zPJ1aBTO0g5XgA7kvQ=="
    },
    "rethinkdb": {
      "version": "2.4.2",
      "resolved": "https://registry.npmjs.org/rethinkdb/-/rethinkdb-2.4.2.tgz",
      "integrity": "sha512-6DzwqEpFc8cqesAdo07a845oBRxLiHvWzopTKBo/uY2ypGWIsJQFJk3wjRDtSEhczxJqLS0jnf37rwgzYAw8NQ==",
      "requires": {
        "bluebird": ">= 2.3.2 < 3"
      }
    },
    "typescript": {
      "version": "5.1.3",
      "resolved": "https://registry.npmjs.org/typescript/-/typescript-5.1.3.tgz",
      "integrity": "sha512-XH627E9vkeqhlZFQuL+UsyAXEnibT0kWR2FWONlr4sTjvxyJYnyefgrkyECLzM5NenmKzRAy2rR/OlYLA1HkZw=="
    },
    "uuid": {
      "version": "9.0.0",
      "resolved": "https://registry.npmjs.org/uuid/-/uuid-9.0.0.tgz",
      "integrity": "sha512-MXcSTerfPa4uqyzStbRoTgt5XIe3x5+42+q1sDuy3R5MDk66URdLMOZe5aPX/SQd+kuYAh0FdP/pO28IkQyTeg=="
    }
  }
}
